
Microsoft Visual Studio Solution File, Format Version 12.00
# Visual Studio Version 17
VisualStudioVersion = 17.6.33723.286
MinimumVisualStudioVersion = 10.0.40219.1
Project("{FAE04EC0-301F-11D3-BF4B-00C04F79EFBC}") = "MinimalBookAPI", "MinimalBookAPI\MinimalBookAPI.csproj", "{E2BFE75D-171E-4F58-BE51-FF342E8CAB2A}"
EndProject
Global
	GlobalSection(SolutionConfigurationPlatforms) = preSolution
		Debug|Any CPU = Debug|Any CPU
		Release|Any CPU = Release|Any CPU
	EndGlobalSection
	GlobalSection(ProjectConfigurationPlatforms) = postSolution
		{E2BFE75D-171E-4F58-BE51-FF342E8CAB2A}.Debug|Any CPU.ActiveCfg = Debug|Any CPU
		{E2BFE75D-171E-4F58-BE51-FF342E8CAB2A}.Debug|Any CPU.Build.0 = Debug|Any CPU
		{E2BFE75D-171E-4F58-BE51-FF342E8CAB2A}.Release|Any CPU.ActiveCfg = Release|Any CPU
		{E2BFE75D-171E-4F58-BE51-FF342E8CAB2A}.Release|Any CPU.Build.0 = Release|Any CPU
	EndGlobalSection
	GlobalSection(SolutionProperties) = preSolution
		HideSolutionNode = FALSE
	EndGlobalSection
	GlobalSection(ExtensibilityGlobals) = postSolution
		SolutionGuid = {4D75634D-2F5F-443E-8FE2-7B81A38C79AF}
	EndGlobalSection
EndGlobal
